<?xml version="1.0" encoding="utf-8"?>
<Project ToolsVersion="4.0" xmlns="http://schemas.microsoft.com/developer/msbuild/2003">
  <ItemGroup>
    <Filter Include="源文件">
      <UniqueIdentifier>{4FC737F1-C7A5-4376-A066-2A32D752A2FF}</UniqueIdentifier>
      <Extensions>cpp;c;cc;cxx;def;odl;idl;hpj;bat;asm;asmx</Extensions>
    </Filter>
    <Filter Include="头文件">
      <UniqueIdentifier>{93995380-89BD-4b04-88EB-625FBE52EBFB}</UniqueIdentifier>
      <Extensions>h;hpp;hxx;hm;inl;inc;xsd</Extensions>
    </Filter>
    <Filter Include="资源文件">
      <UniqueIdentifier>{67DA6AB6-F800-4c08-8B7A-83BB121AAD01}</UniqueIdentifier>
      <Extensions>rc;ico;cur;bmp;dlg;rc2;rct;bin;rgs;gif;jpg;jpeg;jpe;resx;tiff;tif;png;wav;mfcribbon-ms</Extensions>
    </Filter>
  </ItemGroup>
  <ItemGroup>
    <None Include="ReadMe.txt" />
    <None Include="res\nav_large.bmp">
      <Filter>资源文件</Filter>
    </None>
    <None Include="res\nav_large_hc.bmp">
      <Filter>资源文件</Filter>
    </None>
    <None Include="res\pages.bmp">
      <Filter>资源文件</Filter>
    </None>
    <None Include="res\pages_hc.bmp">
      <Filter>资源文件</Filter>
    </None>
    <None Include="res\pages_small.bmp">
      <Filter>资源文件</Filter>
    </None>
    <None Include="res\pages_small_hc.bmp">
      <Filter>资源文件</Filter>
    </None>
    <None Include="res\info.bmp">
      <Filter>资源文件</Filter>
    </None>
    <None Include="res\buttons.bmp">
      <Filter>资源文件</Filter>
    </None>
    <None Include="res\filelarge.bmp">
      <Filter>资源文件</Filter>
    </None>
    <None Include="res\filesmall.bmp">
      <Filter>资源文件</Filter>
    </None>
    <None Include="res\main.bmp">
      <Filter>资源文件</Filter>
    </None>
    <None Include="res\writelarge.bmp">
      <Filter>资源文件</Filter>
    </None>
    <None Include="res\writesmall.bmp">
      <Filter>资源文件</Filter>
    </None>
    <None Include="res\ribbon.mfcribbon-ms">
      <Filter>资源文件</Filter>
    </None>
    <None Include="res\MemberManager.rc2">
      <Filter>资源文件</Filter>
    </None>
    <None Include="res\MemberManagerDoc.ico">
      <Filter>资源文件</Filter>
    </None>
    <None Include="res\MemberManager.ico">
      <Filter>资源文件</Filter>
    </None>
    <None Include="res\Toolbar.bmp">
      <Filter>资源文件</Filter>
    </None>
    <None Include="res\Toolbar256.bmp">
      <Filter>资源文件</Filter>
    </None>
    <None Include="res\bitmap1.bmp">
      <Filter>资源文件</Filter>
    </None>
    <None Include="res\buttonlist.bmp">
      <Filter>资源文件</Filter>
    </None>
    <None Include="res\Loginin.bmp">
      <Filter>资源文件</Filter>
    </None>
  </ItemGroup>
  <ItemGroup>
    <ClInclude Include="MemberManager.h">
      <Filter>头文件</Filter>
    </ClInclude>
    <ClInclude Include="stdafx.h">
      <Filter>头文件</Filter>
    </ClInclude>
    <ClInclude Include="targetver.h">
      <Filter>头文件</Filter>
    </ClInclude>
    <ClInclude Include="MainFrm.h">
      <Filter>头文件</Filter>
    </ClInclude>
    <ClInclude Include="MemberManagerDoc.h">
      <Filter>头文件</Filter>
    </ClInclude>
    <ClInclude Include="MemberManagerView.h">
      <Filter>头文件</Filter>
    </ClInclude>
    <ClInclude Include="Resource.h">
      <Filter>头文件</Filter>
    </ClInclude>
    <ClInclude Include="CalendarBar.h">
      <Filter>头文件</Filter>
    </ClInclude>
    <ClInclude Include="MemberInfoDlg.h">
      <Filter>头文件</Filter>
    </ClInclude>
    <ClInclude Include="UpdateMemberDlg.h">
      <Filter>头文件</Filter>
    </ClInclude>
    <ClInclude Include="ExcelDlg.h">
      <Filter>头文件</Filter>
    </ClInclude>
    <ClInclude Include="PeopleDlg.h">
      <Filter>头文件</Filter>
    </ClInclude>
    <ClInclude Include="UpdatePeopleDlg.h">
      <Filter>头文件</Filter>
    </ClInclude>
    <ClInclude Include="UpdateExcelDlg.h">
      <Filter>头文件</Filter>
    </ClInclude>
    <ClInclude Include="UpdateDBDlg.h">
      <Filter>头文件</Filter>
    </ClInclude>
    <ClInclude Include="ExportExcelDlg.h">
      <Filter>头文件</Filter>
    </ClInclude>
    <ClInclude Include="MFCDialog.h">
      <Filter>头文件</Filter>
    </ClInclude>
    <ClInclude Include="YiliaoDlg.h">
      <Filter>头文件</Filter>
    </ClInclude>
    <ClInclude Include="AddYibaoDlg.h">
      <Filter>头文件</Filter>
    </ClInclude>
    <ClInclude Include="SelectYibaoMemberDlg.h">
      <Filter>头文件</Filter>
    </ClInclude>
    <ClInclude Include="UpdateYibaoDlg.h">
      <Filter>头文件</Filter>
    </ClInclude>
    <ClInclude Include="YibaoCostHintDlg.h">
      <Filter>头文件</Filter>
    </ClInclude>
    <ClInclude Include="UserLoginDlg.h">
      <Filter>头文件</Filter>
    </ClInclude>
    <ClInclude Include="Common.h">
      <Filter>头文件</Filter>
    </ClInclude>
    <ClInclude Include="UserInfoDlg.h">
      <Filter>头文件</Filter>
    </ClInclude>
    <ClInclude Include="UserAddOrUpdateDlg.h">
      <Filter>头文件</Filter>
    </ClInclude>
    <ClInclude Include="UserRightDlg.h">
      <Filter>头文件</Filter>
    </ClInclude>
    <ClInclude Include="ChangePasswordDlg.h">
      <Filter>头文件</Filter>
    </ClInclude>
    <ClInclude Include="YaoLaoButieDlg.h">
      <Filter>头文件</Filter>
    </ClInclude>
    <ClInclude Include="ExportCertifyDlg.h">
      <Filter>头文件</Filter>
    </ClInclude>
    <ClInclude Include="UpdateCertifyDlg.h">
      <Filter>头文件</Filter>
    </ClInclude>
    <ClInclude Include="YibaoSumReportDlg.h">
      <Filter>头文件</Filter>
    </ClInclude>
    <ClInclude Include="UpdateSQLTemplateDlg.h">
      <Filter>头文件</Filter>
    </ClInclude>
    <ClInclude Include="CYibaoJiaofeiBiaoZhunDlg.h">
      <Filter>头文件</Filter>
    </ClInclude>
    <ClInclude Include="UpdateYibaoBiaozhunDlg.h">
      <Filter>头文件</Filter>
    </ClInclude>
  </ItemGroup>
  <ItemGroup>
    <ClCompile Include="MemberManager.cpp">
      <Filter>源文件</Filter>
    </ClCompile>
    <ClCompile Include="stdafx.cpp">
      <Filter>源文件</Filter>
    </ClCompile>
    <ClCompile Include="MainFrm.cpp">
      <Filter>源文件</Filter>
    </ClCompile>
    <ClCompile Include="MemberManagerDoc.cpp">
      <Filter>源文件</Filter>
    </ClCompile>
    <ClCompile Include="MemberManagerView.cpp">
      <Filter>源文件</Filter>
    </ClCompile>
    <ClCompile Include="CalendarBar.cpp">
      <Filter>源文件</Filter>
    </ClCompile>
    <ClCompile Include="MemberInfoDlg.cpp">
      <Filter>源文件</Filter>
    </ClCompile>
    <ClCompile Include="UpdateMemberDlg.cpp">
      <Filter>源文件</Filter>
    </ClCompile>
    <ClCompile Include="ExcelDlg.cpp">
      <Filter>源文件</Filter>
    </ClCompile>
    <ClCompile Include="PeopleDlg.cpp">
      <Filter>源文件</Filter>
    </ClCompile>
    <ClCompile Include="UpdatePeopleDlg.cpp">
      <Filter>源文件</Filter>
    </ClCompile>
    <ClCompile Include="UpdateExcelDlg.cpp">
      <Filter>源文件</Filter>
    </ClCompile>
    <ClCompile Include="UpdateDBDlg.cpp">
      <Filter>源文件</Filter>
    </ClCompile>
    <ClCompile Include="MFCDialog.cpp">
      <Filter>源文件</Filter>
    </ClCompile>
    <ClCompile Include="ExportExcelDlg.cpp">
      <Filter>源文件</Filter>
    </ClCompile>
    <ClCompile Include="YiliaoDlg.cpp">
      <Filter>源文件</Filter>
    </ClCompile>
    <ClCompile Include="AddYibaoDlg.cpp">
      <Filter>源文件</Filter>
    </ClCompile>
    <ClCompile Include="SelectYibaoMemberDlg.cpp">
      <Filter>源文件</Filter>
    </ClCompile>
    <ClCompile Include="UpdateYibaoDlg.cpp">
      <Filter>源文件</Filter>
    </ClCompile>
    <ClCompile Include="YibaoCostHintDlg.cpp">
      <Filter>源文件</Filter>
    </ClCompile>
    <ClCompile Include="UserLoginDlg.cpp">
      <Filter>源文件</Filter>
    </ClCompile>
    <ClCompile Include="Common.cpp">
      <Filter>源文件</Filter>
    </ClCompile>
    <ClCompile Include="UserInfoDlg.cpp">
      <Filter>源文件</Filter>
    </ClCompile>
    <ClCompile Include="UserAddOrUpdateDlg.cpp">
      <Filter>源文件</Filter>
    </ClCompile>
    <ClCompile Include="UserRightDlg.cpp">
      <Filter>源文件</Filter>
    </ClCompile>
    <ClCompile Include="ChangePasswordDlg.cpp">
      <Filter>源文件</Filter>
    </ClCompile>
    <ClCompile Include="YaoLaoButieDlg.cpp">
      <Filter>源文件</Filter>
    </ClCompile>
    <ClCompile Include="ExportCertifyDlg.cpp">
      <Filter>源文件</Filter>
    </ClCompile>
    <ClCompile Include="UpdateCertifyDlg.cpp">
      <Filter>源文件</Filter>
    </ClCompile>
    <ClCompile Include="YibaoSumReportDlg.cpp">
      <Filter>源文件</Filter>
    </ClCompile>
    <ClCompile Include="UpdateSQLTemplateDlg.cpp">
      <Filter>源文件</Filter>
    </ClCompile>
    <ClCompile Include="CYibaoJiaofeiBiaoZhunDlg.cpp">
      <Filter>源文件</Filter>
    </ClCompile>
    <ClCompile Include="UpdateYibaoBiaozhunDlg.cpp">
      <Filter>源文件</Filter>
    </ClCompile>
  </ItemGroup>
  <ItemGroup>
    <ResourceCompile Include="MemberManager.rc">
      <Filter>资源文件</Filter>
    </ResourceCompile>
  </ItemGroup>
</Project>